<?xml version="1.0" encoding="utf-8"?>
<Project ToolsVersion="4.0" xmlns="http://schemas.microsoft.com/developer/msbuild/2003">
  <ItemGroup>
    <Filter Include="Source Files">
      <UniqueIdentifier>{4FC737F1-C7A5-4376-A066-2A32D752A2FF}</UniqueIdentifier>
      <Extensions>cpp;c;cc;cxx;def;odl;idl;hpj;bat;asm;asmx</Extensions>
    </Filter>
    <Filter Include="Header Files">
      <UniqueIdentifier>{93995380-89BD-4b04-88EB-625FBE52EBFB}</UniqueIdentifier>
      <Extensions>h;hh;hpp;hxx;hm;inl;inc;xsd</Extensions>
    </Filter>
    <Filter Include="Resource Files">
      <UniqueIdentifier>{D9D6E242-F8AF-46E4-B9FD-80ECBC20BA3E}</UniqueIdentifier>
      <Extensions>qrc;*</Extensions>
      <ParseFiles>false</ParseFiles>
    </Filter>
    <Filter Include="Resource Files">
      <UniqueIdentifier>{D9D6E242-F8AF-46E4-B9FD-80ECBC20BA3E}</UniqueIdentifier>
      <Extensions>qrc;*</Extensions>
      <ParseFiles>false</ParseFiles>
    </Filter>
    <Filter Include="Generated Files">
      <UniqueIdentifier>{71ED8ED8-ACB9-4CE9-BBE1-E00B30144E11}</UniqueIdentifier>
      <Extensions>moc;h;cpp</Extensions>
      <SourceControlFiles>False</SourceControlFiles>
    </Filter>
  </ItemGroup>
  <ItemGroup>
    <ClCompile Include="libstdframe_qt.cpp">
      <Filter>Source Files</Filter>
    </ClCompile>
    <ClCompile Include="source\std.action.cpp">
      <Filter>Source Files</Filter>
    </ClCompile>
    <ClCompile Include="source\std.analyzeritems.cpp">
      <Filter>Source Files</Filter>
    </ClCompile>
    <ClCompile Include="source\std.application.cpp">
      <Filter>Source Files</Filter>
    </ClCompile>
    <ClCompile Include="source\std.button.cpp">
      <Filter>Source Files</Filter>
    </ClCompile>
    <ClCompile Include="source\std.checkbox.cpp">
      <Filter>Source Files</Filter>
    </ClCompile>
    <ClCompile Include="source\std.combobox.cpp">
      <Filter>Source Files</Filter>
    </ClCompile>
    <ClCompile Include="source\std.connectedwizard.cpp">
      <Filter>Source Files</Filter>
    </ClCompile>
    <ClCompile Include="source\std.control.cpp">
      <Filter>Source Files</Filter>
    </ClCompile>
    <ClCompile Include="source\std.defs.cpp">
      <Filter>Source Files</Filter>
    </ClCompile>
    <ClCompile Include="source\std.displayprogressbar.cpp">
      <Filter>Source Files</Filter>
    </ClCompile>
    <ClCompile Include="source\std.dockwindow.cpp">
      <Filter>Source Files</Filter>
    </ClCompile>
    <ClCompile Include="source\std.edititems.cpp">
      <Filter>Source Files</Filter>
    </ClCompile>
    <ClCompile Include="source\std.fileitems.cpp">
      <Filter>Source Files</Filter>
    </ClCompile>
    <ClCompile Include="source\std.gettingicondataonresourcefile.cpp">
      <Filter>Source Files</Filter>
    </ClCompile>
    <ClCompile Include="source\std.groupbox.cpp">
      <Filter>Source Files</Filter>
    </ClCompile>
    <ClCompile Include="source\std.groupboxbuttonscontrol.cpp">
      <Filter>Source Files</Filter>
    </ClCompile>
    <ClCompile Include="source\std.groupboxtopbuttoncontrol.cpp">
      <Filter>Source Files</Filter>
    </ClCompile>
    <ClCompile Include="source\std.helplibbsitems.cpp">
      <Filter>Source Files</Filter>
    </ClCompile>
    <ClCompile Include="source\std.helpwrdeveloperinfoitems.cpp">
      <Filter>Source Files</Filter>
    </ClCompile>
    <ClCompile Include="source\std.hiperlink.cpp">
      <Filter>Source Files</Filter>
    </ClCompile>
    <ClCompile Include="source\std.icondata.cpp">
      <Filter>Source Files</Filter>
    </ClCompile>
    <ClCompile Include="source\std.label.cpp">
      <Filter>Source Files</Filter>
    </ClCompile>
    <ClCompile Include="source\std.linedate.cpp">
      <Filter>Source Files</Filter>
    </ClCompile>
    <ClCompile Include="source\std.lineedit.cpp">
      <Filter>Source Files</Filter>
    </ClCompile>
    <ClCompile Include="source\std.linegroup.cpp">
      <Filter>Source Files</Filter>
    </ClCompile>
    <ClCompile Include="source\std.mainwindow.cpp">
      <Filter>Source Files</Filter>
    </ClCompile>
    <ClCompile Include="source\std.mdichildwindow.cpp">
      <Filter>Source Files</Filter>
    </ClCompile>
    <ClCompile Include="source\std.mdiframewindow.cpp">
      <Filter>Source Files</Filter>
    </ClCompile>
    <ClCompile Include="source\std.mdiframewindowarea.cpp">
      <Filter>Source Files</Filter>
    </ClCompile>
    <ClCompile Include="source\std.menu.cpp">
      <Filter>Source Files</Filter>
    </ClCompile>
    <ClCompile Include="source\std.menubar.cpp">
      <Filter>Source Files</Filter>
    </ClCompile>
    <ClCompile Include="source\std.menuitemdata.cpp">
      <Filter>Source Files</Filter>
    </ClCompile>
    <ClCompile Include="source\std.menuitems.cpp">
      <Filter>Source Files</Filter>
    </ClCompile>
    <ClCompile Include="source\std.popup.cpp">
      <Filter>Source Files</Filter>
    </ClCompile>
    <ClCompile Include="source\std.progressbar.cpp">
      <Filter>Source Files</Filter>
    </ClCompile>
    <ClCompile Include="source\std.puttingicondataonresourcefile.cpp">
      <Filter>Source Files</Filter>
    </ClCompile>
    <ClCompile Include="source\std.radiobutton.cpp">
      <Filter>Source Files</Filter>
    </ClCompile>
    <ClCompile Include="source\std.ras.cpp">
      <Filter>Source Files</Filter>
    </ClCompile>
    <ClCompile Include="source\std.resource.compiler.cpp">
      <Filter>Source Files</Filter>
    </ClCompile>
    <ClCompile Include="source\std.resource.cpp">
      <Filter>Source Files</Filter>
    </ClCompile>
    <ClCompile Include="source\std.resource.data.cpp">
      <Filter>Source Files</Filter>
    </ClCompile>
    <ClCompile Include="source\std.resource.header.cpp">
      <Filter>Source Files</Filter>
    </ClCompile>
    <ClCompile Include="source\std.resource.icon.cpp">
      <Filter>Source Files</Filter>
    </ClCompile>
    <ClCompile Include="source\std.searchwidgetcontrol.cpp">
      <Filter>Source Files</Filter>
    </ClCompile>
    <ClCompile Include="source\std.sspi.cpp">
      <Filter>Source Files</Filter>
    </ClCompile>
    <ClCompile Include="source\std.statusbar.cpp">
      <Filter>Source Files</Filter>
    </ClCompile>
    <ClCompile Include="source\std.styleitems.cpp">
      <Filter>Source Files</Filter>
    </ClCompile>
    <ClCompile Include="source\std.submenuitemdata.cpp">
      <Filter>Source Files</Filter>
    </ClCompile>
    <ClCompile Include="source\std.tabbed.cpp">
      <Filter>Source Files</Filter>
    </ClCompile>
    <ClCompile Include="source\std.tabbedmenuitems.cpp">
      <Filter>Source Files</Filter>
    </ClCompile>
    <ClCompile Include="source\std.table.cpp">
      <Filter>Source Files</Filter>
    </ClCompile>
    <ClCompile Include="source\std.tabledelegate.cpp">
      <Filter>Source Files</Filter>
    </ClCompile>
    <ClCompile Include="source\std.tablewidgetmenuitems.cpp">
      <Filter>Source Files</Filter>
    </ClCompile>
    <ClCompile Include="source\std.textedit.cpp">
      <Filter>Source Files</Filter>
    </ClCompile>
    <ClCompile Include="source\std.timer.cpp">
      <Filter>Source Files</Filter>
    </ClCompile>
    <ClCompile Include="source\std.toolbar.cpp">
      <Filter>Source Files</Filter>
    </ClCompile>
    <ClCompile Include="source\std.toolbox.cpp">
      <Filter>Source Files</Filter>
    </ClCompile>
    <ClCompile Include="source\std.toolbutton.cpp">
      <Filter>Source Files</Filter>
    </ClCompile>
    <ClCompile Include="source\std.toolsitems.cpp">
      <Filter>Source Files</Filter>
    </ClCompile>
    <ClCompile Include="source\std.treeview.cpp">
      <Filter>Source Files</Filter>
    </ClCompile>
    <ClCompile Include="source\std.treewidget.cpp">
      <Filter>Source Files</Filter>
    </ClCompile>
    <ClCompile Include="source\std.treewidgetitem.cpp">
      <Filter>Source Files</Filter>
    </ClCompile>
    <ClCompile Include="source\std.unicodestring.cpp">
      <Filter>Source Files</Filter>
    </ClCompile>
    <ClCompile Include="source\std.useritems.cpp">
      <Filter>Source Files</Filter>
    </ClCompile>
    <ClCompile Include="source\std.viewitems.cpp">
      <Filter>Source Files</Filter>
    </ClCompile>
    <ClCompile Include="source\std.widget.cpp">
      <Filter>Source Files</Filter>
    </ClCompile>
    <ClCompile Include="source\std.widgeticon.cpp">
      <Filter>Source Files</Filter>
    </ClCompile>
    <ClCompile Include="source\std.windowitems.cpp">
      <Filter>Source Files</Filter>
    </ClCompile>
    <ClCompile Include="source\std.winsys.cpp">
      <Filter>Source Files</Filter>
    </ClCompile>
    <ClCompile Include="source\std.dialog.cpp">
      <Filter>Source Files</Filter>
    </ClCompile>
    <ClCompile Include="source\std.dialog_login.cpp">
      <Filter>Source Files</Filter>
    </ClCompile>
    <ClCompile Include="source\std.dialog_search.cpp">
      <Filter>Source Files</Filter>
    </ClCompile>
    <ClCompile Include="source\std.dialog_about.cpp">
      <Filter>Source Files</Filter>
    </ClCompile>
    <ClCompile Include="source\std.panel.cpp">
      <Filter>Source Files</Filter>
    </ClCompile>
    <ClCompile Include="source\std.radiogroup.cpp">
      <Filter>Source Files</Filter>
    </ClCompile>
  </ItemGroup>
  <ItemGroup>
    <ClInclude Include="libstdframe_qt.h">
      <Filter>Header Files</Filter>
    </ClInclude>
    <ClInclude Include="include\std.captions.hpp">
      <Filter>Header Files</Filter>
    </ClInclude>
    <ClInclude Include="include\std.common.hpp">
      <Filter>Header Files</Filter>
    </ClInclude>
    <ClInclude Include="include\std.defs.hpp">
      <Filter>Header Files</Filter>
    </ClInclude>
    <ClInclude Include="include\std.defsx.hpp">
      <Filter>Header Files</Filter>
    </ClInclude>
    <ClInclude Include="include\std.formatqueryfieldstoalias.hpp">
      <Filter>Header Files</Filter>
    </ClInclude>
    <ClInclude Include="include\std.hiperlink.hpp">
      <Filter>Header Files</Filter>
    </ClInclude>
    <ClInclude Include="include\std.icondata.hpp">
      <Filter>Header Files</Filter>
    </ClInclude>
    <ClInclude Include="include\std.icons.hpp">
      <Filter>Header Files</Filter>
    </ClInclude>
    <ClInclude Include="include\std.labelmodels.hpp">
      <Filter>Header Files</Filter>
    </ClInclude>
    <ClInclude Include="include\std.layouts.hpp">
      <Filter>Header Files</Filter>
    </ClInclude>
    <ClInclude Include="include\std.linegroup.hpp">
      <Filter>Header Files</Filter>
    </ClInclude>
    <ClInclude Include="include\std.lockwindows.hpp">
      <Filter>Header Files</Filter>
    </ClInclude>
    <ClInclude Include="include\std.logoffuser.hpp">
      <Filter>Header Files</Filter>
    </ClInclude>
    <ClInclude Include="include\std.mdichildwindow.hpp">
      <Filter>Header Files</Filter>
    </ClInclude>
    <ClInclude Include="include\std.mdiframewindow.hpp">
      <Filter>Header Files</Filter>
    </ClInclude>
    <ClInclude Include="include\std.menuitemdata.hpp">
      <Filter>Header Files</Filter>
    </ClInclude>
    <ClInclude Include="include\std.menuitems.hpp">
      <Filter>Header Files</Filter>
    </ClInclude>
    <ClInclude Include="include\std.popup.hpp">
      <Filter>Header Files</Filter>
    </ClInclude>
    <ClInclude Include="include\std.ras.hpp">
      <Filter>Header Files</Filter>
    </ClInclude>
    <ClInclude Include="include\std.shutdownwindows.hpp">
      <Filter>Header Files</Filter>
    </ClInclude>
    <ClInclude Include="include\std.sspi.hpp">
      <Filter>Header Files</Filter>
    </ClInclude>
    <ClInclude Include="include\std.statusbar.hpp">
      <Filter>Header Files</Filter>
    </ClInclude>
    <ClInclude Include="include\std.submenuitemdata.hpp">
      <Filter>Header Files</Filter>
    </ClInclude>
    <ClInclude Include="include\std.tabbeddefs.hpp">
      <Filter>Header Files</Filter>
    </ClInclude>
    <ClInclude Include="include\std.tabbedindex.hpp">
      <Filter>Header Files</Filter>
    </ClInclude>
    <ClInclude Include="include\std.tabbedmenuitems.hpp">
      <Filter>Header Files</Filter>
    </ClInclude>
    <ClInclude Include="include\std.tabledefs.hpp">
      <Filter>Header Files</Filter>
    </ClInclude>
    <ClInclude Include="include\std.tablefields.hpp">
      <Filter>Header Files</Filter>
    </ClInclude>
    <ClInclude Include="include\std.tablewidgetitem.hpp">
      <Filter>Header Files</Filter>
    </ClInclude>
    <ClInclude Include="include\std.timer.hpp">
      <Filter>Header Files</Filter>
    </ClInclude>
    <ClInclude Include="include\std.toolbaritems.hpp">
      <Filter>Header Files</Filter>
    </ClInclude>
    <ClInclude Include="include\std.treewidgetitem.hpp">
      <Filter>Header Files</Filter>
    </ClInclude>
    <ClInclude Include="include\std.unicodestring.hpp">
      <Filter>Header Files</Filter>
    </ClInclude>
    <ClInclude Include="include\std.waitcursor.hpp">
      <Filter>Header Files</Filter>
    </ClInclude>
    <ClInclude Include="include\std.winsys.hpp">
      <Filter>Header Files</Filter>
    </ClInclude>
    <ClInclude Include="include\std.mdichildwindow_impl.hpp">
      <Filter>Header Files</Filter>
    </ClInclude>
    <ClInclude Include="include\std.mainwindow_impl.hpp">
      <Filter>Header Files</Filter>
    </ClInclude>
    <ClInclude Include="include\std.dialog_impl.hpp">
      <Filter>Header Files</Filter>
    </ClInclude>
    <ClInclude Include="include\std.connected_wizard.hpp">
      <Filter>Header Files</Filter>
    </ClInclude>
    <ClInclude Include="include\std.panel.hpp">
      <Filter>Header Files</Filter>
    </ClInclude>
    <ClInclude Include="include\std.gettingicondataonresourcefile.hpp">
      <Filter>Header Files</Filter>
    </ClInclude>
    <ClInclude Include="include\std.groupbox_impl.hpp">
      <Filter>Header Files</Filter>
    </ClInclude>
    <ClInclude Include="include\std.groupbox_widget_impl.hpp">
      <Filter>Header Files</Filter>
    </ClInclude>
    <ClInclude Include="include\std.labelmodels_to_hashmapper.hpp">
      <Filter>Header Files</Filter>
    </ClInclude>
    <ClInclude Include="include\std.locate_control_mapper.hpp">
      <Filter>Header Files</Filter>
    </ClInclude>
    <ClInclude Include="include\std.locate_layout_mapper.hpp">
      <Filter>Header Files</Filter>
    </ClInclude>
    <ClInclude Include="include\std.putting_icondata_on_resourcefile.hpp">
      <Filter>Header Files</Filter>
    </ClInclude>
    <ClInclude Include="include\std.tabbedwidget_impl.hpp">
      <Filter>Header Files</Filter>
    </ClInclude>
    <ClInclude Include="include\std.update_controlsby_mapper.hpp">
      <Filter>Header Files</Filter>
    </ClInclude>
    <ClInclude Include="include\std.generate_container_mapper.hpp">
      <Filter>Header Files</Filter>
    </ClInclude>
    <ClInclude Include="include\std.widget_icon.hpp">
      <Filter>Header Files</Filter>
    </ClInclude>
    <ClInclude Include="include\std.controls.hpp">
      <Filter>Header Files</Filter>
    </ClInclude>
    <ClInclude Include="include\std.search_internal_container_mapper.hpp">
      <Filter>Header Files</Filter>
    </ClInclude>
    <ClInclude Include="include\std.groupbox_buttons_control.hpp">
      <Filter>Header Files</Filter>
    </ClInclude>
    <ClInclude Include="include\std.search_widget_control.hpp">
      <Filter>Header Files</Filter>
    </ClInclude>
    <ClInclude Include="include\std.widget_impl.hpp">
      <Filter>Header Files</Filter>
    </ClInclude>
  </ItemGroup>
  <ItemGroup>
    <ClInclude Include="libstdframe_qt_global.h">
      <Filter>Header Files</Filter>
    </ClInclude>
  </ItemGroup>
  <ItemGroup>
    <QtMoc Include="include\std.action.hpp">
      <Filter>Header Files</Filter>
    </QtMoc>
    <QtMoc Include="include\std.application.hpp">
      <Filter>Header Files</Filter>
    </QtMoc>
    <QtMoc Include="include\std.button.hpp">
      <Filter>Header Files</Filter>
    </QtMoc>
    <QtMoc Include="include\std.checkbox.hpp">
      <Filter>Header Files</Filter>
    </QtMoc>
    <QtMoc Include="include\std.combobox.hpp">
      <Filter>Header Files</Filter>
    </QtMoc>
    <QtMoc Include="include\std.dockwindow.hpp">
      <Filter>Header Files</Filter>
    </QtMoc>
    <QtMoc Include="include\std.groupbox.hpp">
      <Filter>Header Files</Filter>
    </QtMoc>
    <QtMoc Include="include\std.label.hpp">
      <Filter>Header Files</Filter>
    </QtMoc>
    <QtMoc Include="include\std.lcdnumber.hpp">
      <Filter>Header Files</Filter>
    </QtMoc>
    <QtMoc Include="include\std.linedate.hpp">
      <Filter>Header Files</Filter>
    </QtMoc>
    <QtMoc Include="include\std.lineedit.hpp">
      <Filter>Header Files</Filter>
    </QtMoc>
    <QtMoc Include="include\std.menu.hpp">
      <Filter>Header Files</Filter>
    </QtMoc>
    <QtMoc Include="include\std.menubar.hpp">
      <Filter>Header Files</Filter>
    </QtMoc>
    <QtMoc Include="include\std.radiobutton.hpp">
      <Filter>Header Files</Filter>
    </QtMoc>
    <QtMoc Include="include\std.radiogroup.hpp">
      <Filter>Header Files</Filter>
    </QtMoc>
    <QtMoc Include="include\std.resource.hpp">
      <Filter>Header Files</Filter>
    </QtMoc>
    <QtMoc Include="include\std.splitter.hpp">
      <Filter>Header Files</Filter>
    </QtMoc>
    <QtMoc Include="include\std.tabbed.hpp">
      <Filter>Header Files</Filter>
    </QtMoc>
    <QtMoc Include="include\std.table.hpp">
      <Filter>Header Files</Filter>
    </QtMoc>
    <QtMoc Include="include\std.tabledelegate.hpp">
      <Filter>Header Files</Filter>
    </QtMoc>
    <QtMoc Include="include\std.textedit.hpp">
      <Filter>Header Files</Filter>
    </QtMoc>
    <QtMoc Include="include\std.toolbar.hpp">
      <Filter>Header Files</Filter>
    </QtMoc>
    <QtMoc Include="include\std.toolbox.hpp">
      <Filter>Header Files</Filter>
    </QtMoc>
    <QtMoc Include="include\std.toolbutton.hpp">
      <Filter>Header Files</Filter>
    </QtMoc>
    <QtMoc Include="include\std.treeview.hpp">
      <Filter>Header Files</Filter>
    </QtMoc>
    <QtMoc Include="include\std.treewidget.hpp">
      <Filter>Header Files</Filter>
    </QtMoc>
    <QtMoc Include="include\std.mainwindow.hpp">
      <Filter>Header Files</Filter>
    </QtMoc>
    <QtMoc Include="include\std.dialog.hpp">
      <Filter>Header Files</Filter>
    </QtMoc>
    <QtMoc Include="include\std.dialog_login.hpp">
      <Filter>Header Files</Filter>
    </QtMoc>
    <QtMoc Include="include\std.dialog_search.hpp">
      <Filter>Header Files</Filter>
    </QtMoc>
    <QtMoc Include="include\std.dialog_about.hpp">
      <Filter>Header Files</Filter>
    </QtMoc>
    <QtMoc Include="include\std.display_progressbar.hpp">
      <Filter>Header Files</Filter>
    </QtMoc>
    <QtMoc Include="include\std.groupbox_top_button_control.hpp">
      <Filter>Header Files</Filter>
    </QtMoc>
    <QtMoc Include="include\std.progressbar.hpp">
      <Filter>Header Files</Filter>
    </QtMoc>
    <QtMoc Include="include\std.mdiframewindowarea.hpp">
      <Filter>Header Files</Filter>
    </QtMoc>
    <QtMoc Include="include\std.widget.hpp">
      <Filter>Header Files</Filter>
    </QtMoc>
  </ItemGroup>
</Project>